// !$*UTF8*$!
{
	archiveVersion = 1;
	classes = {
	};
	objectVersion = 46;
	objects = {

/* Begin PBXBuildFile section */
		6A6ECC441F8B4C18006AA322 /* OYTopViewController.m in Sources */ = {isa = PBXBuildFile; fileRef = 6A2D90001F8B464F0080EAAA /* OYTopViewController.m */; };
		6A6ECC451F8B4C1C006AA322 /* OYSingleTableVC.m in Sources */ = {isa = PBXBuildFile; fileRef = 6A2D8FFC1F8B464F0080EAAA /* OYSingleTableVC.m */; };
		6A6ECC461F8B4C20006AA322 /* OYMultipleTableVC.m in Sources */ = {isa = PBXBuildFile; fileRef = 6A2D8FF81F8B464F0080EAAA /* OYMultipleTableVC.m */; };
		6A6ECC471F8B4C24006AA322 /* OYPagingTableVC.m in Sources */ = {isa = PBXBuildFile; fileRef = 6A2D8FFA1F8B464F0080EAAA /* OYPagingTableVC.m */; };
		6A6ECC481F8B4C28006AA322 /* OYTableViewCell.m in Sources */ = {isa = PBXBuildFile; fileRef = 6A2D8FFE1F8B464F0080EAAA /* OYTableViewCell.m */; };
		6A6ECC491F8B4C2B006AA322 /* OYModel.m in Sources */ = {isa = PBXBuildFile; fileRef = 6A2D8FF61F8B464F0080EAAA /* OYModel.m */; };
		6A6ECC4F1F8B5DE5006AA322 /* OYMultiplePageOneVC.m in Sources */ = {isa = PBXBuildFile; fileRef = 6A6ECC4E1F8B5DE5006AA322 /* OYMultiplePageOneVC.m */; };
		6A6ECC521F8B5DF1006AA322 /* OYMultiplePageTwoVC.m in Sources */ = {isa = PBXBuildFile; fileRef = 6A6ECC511F8B5DF1006AA322 /* OYMultiplePageTwoVC.m */; };
		87492F4D1D85A5F90032D7FF /* main.m in Sources */ = {isa = PBXBuildFile; fileRef = 87492F4C1D85A5F90032D7FF /* main.m */; };
		87492F501D85A5F90032D7FF /* AppDelegate.m in Sources */ = {isa = PBXBuildFile; fileRef = 87492F4F1D85A5F90032D7FF /* AppDelegate.m */; };
		87492F561D85A5F90032D7FF /* Main.storyboard in Resources */ = {isa = PBXBuildFile; fileRef = 87492F541D85A5F90032D7FF /* Main.storyboard */; };
		87492F581D85A5F90032D7FF /* Assets.xcassets in Resources */ = {isa = PBXBuildFile; fileRef = 87492F571D85A5F90032D7FF /* Assets.xcassets */; };
		87492F5B1D85A5F90032D7FF /* LaunchScreen.storyboard in Resources */ = {isa = PBXBuildFile; fileRef = 87492F591D85A5F90032D7FF /* LaunchScreen.storyboard */; };
		EEA6F2E592AA44590B08FD63 /* libPods-CellCountDown.a in Frameworks */ = {isa = PBXBuildFile; fileRef = 5E56A79A6E1A6C5DD8BB06A2 /* libPods-CellCountDown.a */; };
/* End PBXBuildFile section */

/* Begin PBXFileReference section */
		08B892AE5C5905A2FAC6CCCE /* Pods-CellCountDown.release.xcconfig */ = {isa = PBXFileReference; includeInIndex = 1; lastKnownFileType = text.xcconfig; name = "Pods-CellCountDown.release.xcconfig"; path = "Pods/Target Support Files/Pods-CellCountDown/Pods-CellCountDown.release.xcconfig"; sourceTree = "<group>"; };
		5E56A79A6E1A6C5DD8BB06A2 /* libPods-CellCountDown.a */ = {isa = PBXFileReference; explicitFileType = archive.ar; includeInIndex = 0; path = "libPods-CellCountDown.a"; sourceTree = BUILT_PRODUCTS_DIR; };
		6A2D8FF51F8B464F0080EAAA /* OYModel.h */ = {isa = PBXFileReference; lastKnownFileType = sourcecode.c.h; path = OYModel.h; sourceTree = "<group>"; };
		6A2D8FF61F8B464F0080EAAA /* OYModel.m */ = {isa = PBXFileReference; lastKnownFileType = sourcecode.c.objc; path = OYModel.m; sourceTree = "<group>"; };
		6A2D8FF71F8B464F0080EAAA /* OYMultipleTableVC.h */ = {isa = PBXFileReference; lastKnownFileType = sourcecode.c.h; path = OYMultipleTableVC.h; sourceTree = "<group>"; };
		6A2D8FF81F8B464F0080EAAA /* OYMultipleTableVC.m */ = {isa = PBXFileReference; lastKnownFileType = sourcecode.c.objc; path = OYMultipleTableVC.m; sourceTree = "<group>"; };
		6A2D8FF91F8B464F0080EAAA /* OYPagingTableVC.h */ = {isa = PBXFileReference; lastKnownFileType = sourcecode.c.h; path = OYPagingTableVC.h; sourceTree = "<group>"; };
		6A2D8FFA1F8B464F0080EAAA /* OYPagingTableVC.m */ = {isa = PBXFileReference; lastKnownFileType = sourcecode.c.objc; path = OYPagingTableVC.m; sourceTree = "<group>"; };
		6A2D8FFB1F8B464F0080EAAA /* OYSingleTableVC.h */ = {isa = PBXFileReference; lastKnownFileType = sourcecode.c.h; path = OYSingleTableVC.h; sourceTree = "<group>"; };
		6A2D8FFC1F8B464F0080EAAA /* OYSingleTableVC.m */ = {isa = PBXFileReference; lastKnownFileType = sourcecode.c.objc; path = OYSingleTableVC.m; sourceTree = "<group>"; };
		6A2D8FFD1F8B464F0080EAAA /* OYTableViewCell.h */ = {isa = PBXFileReference; lastKnownFileType = sourcecode.c.h; path = OYTableViewCell.h; sourceTree = "<group>"; };
		6A2D8FFE1F8B464F0080EAAA /* OYTableViewCell.m */ = {isa = PBXFileReference; lastKnownFileType = sourcecode.c.objc; path = OYTableViewCell.m; sourceTree = "<group>"; };
		6A2D8FFF1F8B464F0080EAAA /* OYTopViewController.h */ = {isa = PBXFileReference; lastKnownFileType = sourcecode.c.h; path = OYTopViewController.h; sourceTree = "<group>"; };
		6A2D90001F8B464F0080EAAA /* OYTopViewController.m */ = {isa = PBXFileReference; lastKnownFileType = sourcecode.c.objc; path = OYTopViewController.m; sourceTree = "<group>"; };
		6A6ECC4D1F8B5DE5006AA322 /* OYMultiplePageOneVC.h */ = {isa = PBXFileReference; lastKnownFileType = sourcecode.c.h; path = OYMultiplePageOneVC.h; sourceTree = "<group>"; };
		6A6ECC4E1F8B5DE5006AA322 /* OYMultiplePageOneVC.m */ = {isa = PBXFileReference; lastKnownFileType = sourcecode.c.objc; path = OYMultiplePageOneVC.m; sourceTree = "<group>"; };
		6A6ECC501F8B5DF1006AA322 /* OYMultiplePageTwoVC.h */ = {isa = PBXFileReference; lastKnownFileType = sourcecode.c.h; path = OYMultiplePageTwoVC.h; sourceTree = "<group>"; };
		6A6ECC511F8B5DF1006AA322 /* OYMultiplePageTwoVC.m */ = {isa = PBXFileReference; lastKnownFileType = sourcecode.c.objc; path = OYMultiplePageTwoVC.m; sourceTree = "<group>"; };
		87492F481D85A5F90032D7FF /* CellCountDown.app */ = {isa = PBXFileReference; explicitFileType = wrapper.application; includeInIndex = 0; path = CellCountDown.app; sourceTree = BUILT_PRODUCTS_DIR; };
		87492F4C1D85A5F90032D7FF /* main.m */ = {isa = PBXFileReference; lastKnownFileType = sourcecode.c.objc; path = main.m; sourceTree = "<group>"; };
		87492F4E1D85A5F90032D7FF /* AppDelegate.h */ = {isa = PBXFileReference; lastKnownFileType = sourcecode.c.h; path = AppDelegate.h; sourceTree = "<group>"; };
		87492F4F1D85A5F90032D7FF /* AppDelegate.m */ = {isa = PBXFileReference; lastKnownFileType = sourcecode.c.objc; path = AppDelegate.m; sourceTree = "<group>"; };
		87492F551D85A5F90032D7FF /* Base */ = {isa = PBXFileReference; lastKnownFileType = file.storyboard; name = Base; path = Base.lproj/Main.storyboard; sourceTree = "<group>"; };
		87492F571D85A5F90032D7FF /* Assets.xcassets */ = {isa = PBXFileReference; lastKnownFileType = folder.assetcatalog; path = Assets.xcassets; sourceTree = "<group>"; };
		87492F5A1D85A5F90032D7FF /* Base */ = {isa = PBXFileReference; lastKnownFileType = file.storyboard; name = Base; path = Base.lproj/LaunchScreen.storyboard; sourceTree = "<group>"; };
		87492F5C1D85A5F90032D7FF /* Info.plist */ = {isa = PBXFileReference; lastKnownFileType = text.plist.xml; path = Info.plist; sourceTree = "<group>"; };
		FE31B69A7C8446D6A10E6984 /* Pods-CellCountDown.debug.xcconfig */ = {isa = PBXFileReference; includeInIndex = 1; lastKnownFileType = text.xcconfig; name = "Pods-CellCountDown.debug.xcconfig"; path = "Pods/Target Support Files/Pods-CellCountDown/Pods-CellCountDown.debug.xcconfig"; sourceTree = "<group>"; };
/* End PBXFileReference section */

/* Begin PBXFrameworksBuildPhase section */
		87492F451D85A5F90032D7FF /* Frameworks */ = {
			isa = PBXFrameworksBuildPhase;
			buildActionMask = 2147483647;
			files = (
				EEA6F2E592AA44590B08FD63 /* libPods-CellCountDown.a in Frameworks */,
			);
			runOnlyForDeploymentPostprocessing = 0;
		};
/* End PBXFrameworksBuildPhase section */

/* Begin PBXGroup section */
		638470C44ACEDF0712BE4732 /* Pods */ = {
			isa = PBXGroup;
			children = (
				FE31B69A7C8446D6A10E6984 /* Pods-CellCountDown.debug.xcconfig */,
				08B892AE5C5905A2FAC6CCCE /* Pods-CellCountDown.release.xcconfig */,
			);
			name = Pods;
			sourceTree = "<group>";
		};
		6A2D8FF41F8B464F0080EAAA /* Classes */ = {
			isa = PBXGroup;
			children = (
				6A2D8FFF1F8B464F0080EAAA /* OYTopViewController.h */,
				6A2D90001F8B464F0080EAAA /* OYTopViewController.m */,
				6A2D8FFB1F8B464F0080EAAA /* OYSingleTableVC.h */,
				6A2D8FFC1F8B464F0080EAAA /* OYSingleTableVC.m */,
				6A2D8FF71F8B464F0080EAAA /* OYMultipleTableVC.h */,
				6A2D8FF81F8B464F0080EAAA /* OYMultipleTableVC.m */,
				6A6ECC4D1F8B5DE5006AA322 /* OYMultiplePageOneVC.h */,
				6A6ECC4E1F8B5DE5006AA322 /* OYMultiplePageOneVC.m */,
				6A6ECC501F8B5DF1006AA322 /* OYMultiplePageTwoVC.h */,
				6A6ECC511F8B5DF1006AA322 /* OYMultiplePageTwoVC.m */,
				6A2D8FF91F8B464F0080EAAA /* OYPagingTableVC.h */,
				6A2D8FFA1F8B464F0080EAAA /* OYPagingTableVC.m */,
				6A2D8FFD1F8B464F0080EAAA /* OYTableViewCell.h */,
				6A2D8FFE1F8B464F0080EAAA /* OYTableViewCell.m */,
				6A2D8FF51F8B464F0080EAAA /* OYModel.h */,
				6A2D8FF61F8B464F0080EAAA /* OYModel.m */,
			);
			path = Classes;
			sourceTree = "<group>";
		};
		87492F3F1D85A5F90032D7FF = {
			isa = PBXGroup;
			children = (
				87492F4A1D85A5F90032D7FF /* CellCountDown */,
				87492F491D85A5F90032D7FF /* Products */,
				638470C44ACEDF0712BE4732 /* Pods */,
				E93AE584FA0AB52217AAD010 /* Frameworks */,
			);
			sourceTree = "<group>";
		};
		87492F491D85A5F90032D7FF /* Products */ = {
			isa = PBXGroup;
			children = (
				87492F481D85A5F90032D7FF /* CellCountDown.app */,
			);
			name = Products;
			sourceTree = "<group>";
		};
		87492F4A1D85A5F90032D7FF /* CellCountDown */ = {
			isa = PBXGroup;
			children = (
				87492F4E1D85A5F90032D7FF /* AppDelegate.h */,
				87492F4F1D85A5F90032D7FF /* AppDelegate.m */,
				6A2D8FF41F8B464F0080EAAA /* Classes */,
				87492F541D85A5F90032D7FF /* Main.storyboard */,
				87492F571D85A5F90032D7FF /* Assets.xcassets */,
				87492F591D85A5F90032D7FF /* LaunchScreen.storyboard */,
				87492F5C1D85A5F90032D7FF /* Info.plist */,
				87492F4B1D85A5F90032D7FF /* Supporting Files */,
			);
			path = CellCountDown;
			sourceTree = "<group>";
		};
		87492F4B1D85A5F90032D7FF /* Supporting Files */ = {
			isa = PBXGroup;
			children = (
				87492F4C1D85A5F90032D7FF /* main.m */,
			);
			name = "Supporting Files";
			sourceTree = "<group>";
		};
		E93AE584FA0AB52217AAD010 /* Frameworks */ = {
			isa = PBXGroup;
			children = (
				5E56A79A6E1A6C5DD8BB06A2 /* libPods-CellCountDown.a */,
			);
			name = Frameworks;
			sourceTree = "<group>";
		};
/* End PBXGroup section */

/* Begin PBXNativeTarget section */
		87492F471D85A5F90032D7FF /* CellCountDown */ = {
			isa = PBXNativeTarget;
			buildConfigurationList = 87492F5F1D85A5F90032D7FF /* Build configuration list for PBXNativeTarget "CellCountDown" */;
			buildPhases = (
				91722083482328656074012D /* [CP] Check Pods Manifest.lock */,
				87492F441D85A5F90032D7FF /* Sources */,
				87492F451D85A5F90032D7FF /* Frameworks */,
				87492F461D85A5F90032D7FF /* Resources */,
				4478A1902B4640261761114C /* [CP] Embed Pods Frameworks */,
				3B3986FCE85BA2D5235520C5 /* [CP] Copy Pods Resources */,
			);
			buildRules = (
			);
			dependencies = (
			);
			name = CellCountDown;
			productName = CellCountDown;
			productReference = 87492F481D85A5F90032D7FF /* CellCountDown.app */;
			productType = "com.apple.product-type.application";
		};
/* End PBXNativeTarget section */

/* Begin PBXProject section */
		87492F401D85A5F90032D7FF /* Project object */ = {
			isa = PBXProject;
			attributes = {
				LastUpgradeCheck = 0720;
				ORGANIZATIONNAME = herobin;
				TargetAttributes = {
					87492F471D85A5F90032D7FF = {
						CreatedOnToolsVersion = 7.2;
					};
				};
			};
			buildConfigurationList = 87492F431D85A5F90032D7FF /* Build configuration list for PBXProject "CellCountDown" */;
			compatibilityVersion = "Xcode 3.2";
			developmentRegion = English;
			hasScannedForEncodings = 0;
			knownRegions = (
				en,
				Base,
			);
			mainGroup = 87492F3F1D85A5F90032D7FF;
			productRefGroup = 87492F491D85A5F90032D7FF /* Products */;
			projectDirPath = "";
			projectRoot = "";
			targets = (
				87492F471D85A5F90032D7FF /* CellCountDown */,
			);
		};
/* End PBXProject section */

/* Begin PBXResourcesBuildPhase section */
		87492F461D85A5F90032D7FF /* Resources */ = {
			isa = PBXResourcesBuildPhase;
			buildActionMask = 2147483647;
			files = (
				87492F5B1D85A5F90032D7FF /* LaunchScreen.storyboard in Resources */,
				87492F581D85A5F90032D7FF /* Assets.xcassets in Resources */,
				87492F561D85A5F90032D7FF /* Main.storyboard in Resources */,
			);
			runOnlyForDeploymentPostprocessing = 0;
		};
/* End PBXResourcesBuildPhase section */

/* Begin PBXShellScriptBuildPhase section */
		3B3986FCE85BA2D5235520C5 /* [CP] Copy Pods Resources */ = {
			isa = PBXShellScriptBuildPhase;
			buildActionMask = 2147483647;
			files = (
			);
			inputPaths = (
			);
			name = "[CP] Copy Pods Resources";
			outputPaths = (
			);
			runOnlyForDeploymentPostprocessing = 0;
			shellPath = /bin/sh;
			shellScript = "\"${SRCROOT}/Pods/Target Support Files/Pods-CellCountDown/Pods-CellCountDown-resources.sh\"\n";
			showEnvVarsInLog = 0;
		};
		4478A1902B4640261761114C /* [CP] Embed Pods Frameworks */ = {
			isa = PBXShellScriptBuildPhase;
			buildActionMask = 2147483647;
			files = (
			);
			inputPaths = (
			);
			name = "[CP] Embed Pods Frameworks";
			outputPaths = (
			);
			runOnlyForDeploymentPostprocessing = 0;
			shellPath = /bin/sh;
			shellScript = "\"${SRCROOT}/Pods/Target Support Files/Pods-CellCountDown/Pods-CellCountDown-frameworks.sh\"\n";
			showEnvVarsInLog = 0;
		};
		91722083482328656074012D /* [CP] Check Pods Manifest.lock */ = {
			isa = PBXShellScriptBuildPhase;
			buildActionMask = 2147483647;
			files = (
			);
			inputPaths = (
			);
			name = "[CP] Check Pods Manifest.lock";
			outputPaths = (
			);
			runOnlyForDeploymentPostprocessing = 0;
			shellPath = /bin/sh;
			shellScript = "diff \"${PODS_ROOT}/../Podfile.lock\" \"${PODS_ROOT}/Manifest.lock\" > /dev/null\nif [ $? != 0 ] ; then\n    # print error to STDERR\n    echo \"error: The sandbox is not in sync with the Podfile.lock. Run 'pod install' or update your CocoaPods installation.\" >&2\n    exit 1\nfi\n";
			showEnvVarsInLog = 0;
		};
/* End PBXShellScriptBuildPhase section */

/* Begin PBXSourcesBuildPhase section */
		87492F441D85A5F90032D7FF /* Sources */ = {
			isa = PBXSourcesBuildPhase;
			buildActionMask = 2147483647;
			files = (
				6A6ECC491F8B4C2B006AA322 /* OYModel.m in Sources */,
				6A6ECC481F8B4C28006AA322 /* OYTableViewCell.m in Sources */,
				6A6ECC4F1F8B5DE5006AA322 /* OYMultiplePageOneVC.m in Sources */,
				6A6ECC471F8B4C24006AA322 /* OYPagingTableVC.m in Sources */,
				6A6ECC461F8B4C20006AA322 /* OYMultipleTableVC.m in Sources */,
				6A6ECC451F8B4C1C006AA322 /* OYSingleTableVC.m in Sources */,
				6A6ECC441F8B4C18006AA322 /* OYTopViewController.m in Sources */,
				6A6ECC521F8B5DF1006AA322 /* OYMultiplePageTwoVC.m in Sources */,
				87492F501D85A5F90032D7FF /* AppDelegate.m in Sources */,
				87492F4D1D85A5F90032D7FF /* main.m in Sources */,
			);
			runOnlyForDeploymentPostprocessing = 0;
		};
/* End PBXSourcesBuildPhase section */

/* Begin PBXVariantGroup section */
		87492F541D85A5F90032D7FF /* Main.storyboard */ = {
			isa = PBXVariantGroup;
			children = (
				87492F551D85A5F90032D7FF /* Base */,
			);
			name = Main.storyboard;
			sourceTree = "<group>";
		};
		87492F591D85A5F90032D7FF /* LaunchScreen.storyboard */ = {
			isa = PBXVariantGroup;
			children = (
				87492F5A1D85A5F90032D7FF /* Base */,
			);
			name = LaunchScreen.storyboard;
			sourceTree = "<group>";
		};
/* End PBXVariantGroup section */

/* Begin XCBuildConfiguration section */
		87492F5D1D85A5F90032D7FF /* Debug */ = {
			isa = XCBuildConfiguration;
			buildSettings = {
				ALWAYS_SEARCH_USER_PATHS = NO;
				CLANG_CXX_LANGUAGE_STANDARD = "gnu++0x";
				CLANG_CXX_LIBRARY = "libc++";
				CLANG_ENABLE_MODULES = YES;
				CLANG_ENABLE_OBJC_ARC = YES;
				CLANG_WARN_BOOL_CONVERSION = YES;
				CLANG_WARN_CONSTANT_CONVERSION = YES;
				CLANG_WARN_DIRECT_OBJC_ISA_USAGE = YES_ERROR;
				CLANG_WARN_EMPTY_BODY = YES;
				CLANG_WARN_ENUM_CONVERSION = YES;
				CLANG_WARN_INT_CONVERSION = YES;
				CLANG_WARN_OBJC_ROOT_CLASS = YES_ERROR;
				CLANG_WARN_UNREACHABLE_CODE = YES;
				CLANG_WARN__DUPLICATE_METHOD_MATCH = YES;
				"CODE_SIGN_IDENTITY[sdk=iphoneos*]" = "iPhone Developer";
				COPY_PHASE_STRIP = NO;
				DEBUG_INFORMATION_FORMAT = dwarf;
				ENABLE_STRICT_OBJC_MSGSEND = YES;
				ENABLE_TESTABILITY = YES;
				GCC_C_LANGUAGE_STANDARD = gnu99;
				GCC_DYNAMIC_NO_PIC = NO;
				GCC_NO_COMMON_BLOCKS = YES;
				GCC_OPTIMIZATION_LEVEL = 0;
				GCC_PREPROCESSOR_DEFINITIONS = (
					"DEBUG=1",
					"$(inherited)",
				);
				GCC_WARN_64_TO_32_BIT_CONVERSION = YES;
				GCC_WARN_ABOUT_RETURN_TYPE = YES_ERROR;
				GCC_WARN_UNDECLARED_SELECTOR = YES;
				GCC_WARN_UNINITIALIZED_AUTOS = YES_AGGRESSIVE;
				GCC_WARN_UNUSED_FUNCTION = YES;
				GCC_WARN_UNUSED_VARIABLE = YES;
				IPHONEOS_DEPLOYMENT_TARGET = 9.2;
				MTL_ENABLE_DEBUG_INFO = YES;
				ONLY_ACTIVE_ARCH = YES;
				SDKROOT = iphoneos;
				TARGETED_DEVICE_FAMILY = "1,2";
			};
			name = Debug;
		};
		87492F5E1D85A5F90032D7FF /* Release */ = {
			isa = XCBuildConfiguration;
			buildSettings = {
				ALWAYS_SEARCH_USER_PATHS = NO;
				CLANG_CXX_LANGUAGE_STANDARD = "gnu++0x";
				CLANG_CXX_LIBRARY = "libc++";
				CLANG_ENABLE_MODULES = YES;
				CLANG_ENABLE_OBJC_ARC = YES;
				CLANG_WARN_BOOL_CONVERSION = YES;
				CLANG_WARN_CONSTANT_CONVERSION = YES;
				CLANG_WARN_DIRECT_OBJC_ISA_USAGE = YES_ERROR;
				CLANG_WARN_EMPTY_BODY = YES;
				CLANG_WARN_ENUM_CONVERSION = YES;
				CLANG_WARN_INT_CONVERSION = YES;
				CLANG_WARN_OBJC_ROOT_CLASS = YES_ERROR;
				CLANG_WARN_UNREACHABLE_CODE = YES;
				CLANG_WARN__DUPLICATE_METHOD_MATCH = YES;
				"CODE_SIGN_IDENTITY[sdk=iphoneos*]" = "iPhone Developer";
				COPY_PHASE_STRIP = NO;
				DEBUG_INFORMATION_FORMAT = "dwarf-with-dsym";
				ENABLE_NS_ASSERTIONS = NO;
				ENABLE_STRICT_OBJC_MSGSEND = YES;
				GCC_C_LANGUAGE_STANDARD = gnu99;
				GCC_NO_COMMON_BLOCKS = YES;
				GCC_WARN_64_TO_32_BIT_CONVERSION = YES;
				GCC_WARN_ABOUT_RETURN_TYPE = YES_ERROR;
				GCC_WARN_UNDECLARED_SELECTOR = YES;
				GCC_WARN_UNINITIALIZED_AUTOS = YES_AGGRESSIVE;
				GCC_WARN_UNUSED_FUNCTION = YES;
				GCC_WARN_UNUSED_VARIABLE = YES;
				IPHONEOS_DEPLOYMENT_TARGET = 9.2;
				MTL_ENABLE_DEBUG_INFO = NO;
				SDKROOT = iphoneos;
				TARGETED_DEVICE_FAMILY = "1,2";
				VALIDATE_PRODUCT = YES;
			};
			name = Release;
		};
		87492F601D85A5F90032D7FF /* Debug */ = {
			isa = XCBuildConfiguration;
			baseConfigurationReference = FE31B69A7C8446D6A10E6984 /* Pods-CellCountDown.debug.xcconfig */;
			buildSettings = {
				ASSETCATALOG_COMPILER_APPICON_NAME = AppIcon;
				DEVELOPMENT_TEAM = "";
				INFOPLIST_FILE = CellCountDown/Info.plist;
				IPHONEOS_DEPLOYMENT_TARGET = 10.0;
				LD_RUNPATH_SEARCH_PATHS = "$(inherited) @executable_path/Frameworks";
				PRODUCT_BUNDLE_IDENTIFIER = com.herobin.iOS.CellCountDown;
				PRODUCT_NAME = "$(TARGET_NAME)";
			};
			name = Debug;
		};
		87492F611D85A5F90032D7FF /* Release */ = {
			isa = XCBuildConfiguration;
			baseConfigurationReference = 08B892AE5C5905A2FAC6CCCE /* Pods-CellCountDown.release.xcconfig */;
			buildSettings = {
				ASSETCATALOG_COMPILER_APPICON_NAME = AppIcon;
				DEVELOPMENT_TEAM = "";
				INFOPLIST_FILE = CellCountDown/Info.plist;
				IPHONEOS_DEPLOYMENT_TARGET = 10.0;
				LD_RUNPATH_SEARCH_PATHS = "$(inherited) @executable_path/Frameworks";
				PRODUCT_BUNDLE_IDENTIFIER = com.herobin.iOS.CellCountDown;
				PRODUCT_NAME = "$(TARGET_NAME)";
			};
			name = Release;
		};
/* End XCBuildConfiguration section */

/* Begin XCConfigurationList section */
		87492F431D85A5F90032D7FF /* Build configuration list for PBXProject "CellCountDown" */ = {
			isa = XCConfigurationList;
			buildConfigurations = (
				87492F5D1D85A5F90032D7FF /* Debug */,
				87492F5E1D85A5F90032D7FF /* Release */,
			);
			defaultConfigurationIsVisible = 0;
			defaultConfigurationName = Release;
		};
		87492F5F1D85A5F90032D7FF /* Build configuration list for PBXNativeTarget "CellCountDown" */ = {
			isa = XCConfigurationList;
			buildConfigurations = (
				87492F601D85A5F90032D7FF /* Debug */,
				87492F611D85A5F90032D7FF /* Release */,
			);
			defaultConfigurationIsVisible = 0;
			defaultConfigurationName = Release;
		};
/* End XCConfigurationList section */
	};
	rootObject = 87492F401D85A5F90032D7FF /* Project object */;
}
