// !$*UTF8*$!
{
	archiveVersion = 1;
	classes = {
	};
	objectVersion = 46;
	objects = {

/* Begin PBXBuildFile section */
		6A6AB6B21DC209CF00BF58BA /* AppDelegate.swift in Sources */ = {isa = PBXBuildFile; fileRef = 6A6AB6B11DC209CF00BF58BA /* AppDelegate.swift */; };
		6A6AB6B41DC209CF00BF58BA /* ViewController.swift in Sources */ = {isa = PBXBuildFile; fileRef = 6A6AB6B31DC209CF00BF58BA /* ViewController.swift */; };
		6A6AB6B71DC209CF00BF58BA /* Main.storyboard in Resources */ = {isa = PBXBuildFile; fileRef = 6A6AB6B51DC209CF00BF58BA /* Main.storyboard */; };
		6A6AB6B91DC209CF00BF58BA /* Assets.xcassets in Resources */ = {isa = PBXBuildFile; fileRef = 6A6AB6B81DC209CF00BF58BA /* Assets.xcassets */; };
		6A6AB6BC1DC209CF00BF58BA /* LaunchScreen.storyboard in Resources */ = {isa = PBXBuildFile; fileRef = 6A6AB6BA1DC209CF00BF58BA /* LaunchScreen.storyboard */; };
		6A6AB6C41DC209FB00BF58BA /* OYCountDownManager.swift in Sources */ = {isa = PBXBuildFile; fileRef = 6A6AB6C31DC209FB00BF58BA /* OYCountDownManager.swift */; };
		6A6AB6C61DC20A4E00BF58BA /* Cell.swift in Sources */ = {isa = PBXBuildFile; fileRef = 6A6AB6C51DC20A4E00BF58BA /* Cell.swift */; };
		6A6AB6C81DC20A5A00BF58BA /* Model.swift in Sources */ = {isa = PBXBuildFile; fileRef = 6A6AB6C71DC20A5A00BF58BA /* Model.swift */; };
/* End PBXBuildFile section */

/* Begin PBXFileReference section */
		6A6AB6AE1DC209CF00BF58BA /* OYCountDown.app */ = {isa = PBXFileReference; explicitFileType = wrapper.application; includeInIndex = 0; path = OYCountDown.app; sourceTree = BUILT_PRODUCTS_DIR; };
		6A6AB6B11DC209CF00BF58BA /* AppDelegate.swift */ = {isa = PBXFileReference; lastKnownFileType = sourcecode.swift; path = AppDelegate.swift; sourceTree = "<group>"; };
		6A6AB6B31DC209CF00BF58BA /* ViewController.swift */ = {isa = PBXFileReference; lastKnownFileType = sourcecode.swift; path = ViewController.swift; sourceTree = "<group>"; };
		6A6AB6B61DC209CF00BF58BA /* Base */ = {isa = PBXFileReference; lastKnownFileType = file.storyboard; name = Base; path = Base.lproj/Main.storyboard; sourceTree = "<group>"; };
		6A6AB6B81DC209CF00BF58BA /* Assets.xcassets */ = {isa = PBXFileReference; lastKnownFileType = folder.assetcatalog; path = Assets.xcassets; sourceTree = "<group>"; };
		6A6AB6BB1DC209CF00BF58BA /* Base */ = {isa = PBXFileReference; lastKnownFileType = file.storyboard; name = Base; path = Base.lproj/LaunchScreen.storyboard; sourceTree = "<group>"; };
		6A6AB6BD1DC209CF00BF58BA /* Info.plist */ = {isa = PBXFileReference; lastKnownFileType = text.plist.xml; path = Info.plist; sourceTree = "<group>"; };
		6A6AB6C31DC209FB00BF58BA /* OYCountDownManager.swift */ = {isa = PBXFileReference; fileEncoding = 4; lastKnownFileType = sourcecode.swift; path = OYCountDownManager.swift; sourceTree = "<group>"; };
		6A6AB6C51DC20A4E00BF58BA /* Cell.swift */ = {isa = PBXFileReference; fileEncoding = 4; lastKnownFileType = sourcecode.swift; path = Cell.swift; sourceTree = "<group>"; };
		6A6AB6C71DC20A5A00BF58BA /* Model.swift */ = {isa = PBXFileReference; fileEncoding = 4; lastKnownFileType = sourcecode.swift; path = Model.swift; sourceTree = "<group>"; };
/* End PBXFileReference section */

/* Begin PBXFrameworksBuildPhase section */
		6A6AB6AB1DC209CF00BF58BA /* Frameworks */ = {
			isa = PBXFrameworksBuildPhase;
			buildActionMask = 2147483647;
			files = (
			);
			runOnlyForDeploymentPostprocessing = 0;
		};
/* End PBXFrameworksBuildPhase section */

/* Begin PBXGroup section */
		6A6AB6A51DC209CF00BF58BA = {
			isa = PBXGroup;
			children = (
				6A6AB6B01DC209CF00BF58BA /* OYCountDown */,
				6A6AB6AF1DC209CF00BF58BA /* Products */,
			);
			sourceTree = "<group>";
		};
		6A6AB6AF1DC209CF00BF58BA /* Products */ = {
			isa = PBXGroup;
			children = (
				6A6AB6AE1DC209CF00BF58BA /* OYCountDown.app */,
			);
			name = Products;
			sourceTree = "<group>";
		};
		6A6AB6B01DC209CF00BF58BA /* OYCountDown */ = {
			isa = PBXGroup;
			children = (
				6A6AB6B11DC209CF00BF58BA /* AppDelegate.swift */,
				6A6AB6B31DC209CF00BF58BA /* ViewController.swift */,
				6A6AB6C31DC209FB00BF58BA /* OYCountDownManager.swift */,
				6A6AB6C51DC20A4E00BF58BA /* Cell.swift */,
				6A6AB6C71DC20A5A00BF58BA /* Model.swift */,
				6A6AB6B51DC209CF00BF58BA /* Main.storyboard */,
				6A6AB6B81DC209CF00BF58BA /* Assets.xcassets */,
				6A6AB6BA1DC209CF00BF58BA /* LaunchScreen.storyboard */,
				6A6AB6BD1DC209CF00BF58BA /* Info.plist */,
			);
			path = OYCountDown;
			sourceTree = "<group>";
		};
/* End PBXGroup section */

/* Begin PBXNativeTarget section */
		6A6AB6AD1DC209CF00BF58BA /* OYCountDown */ = {
			isa = PBXNativeTarget;
			buildConfigurationList = 6A6AB6C01DC209CF00BF58BA /* Build configuration list for PBXNativeTarget "OYCountDown" */;
			buildPhases = (
				6A6AB6AA1DC209CF00BF58BA /* Sources */,
				6A6AB6AB1DC209CF00BF58BA /* Frameworks */,
				6A6AB6AC1DC209CF00BF58BA /* Resources */,
			);
			buildRules = (
			);
			dependencies = (
			);
			name = OYCountDown;
			productName = OYCountDown;
			productReference = 6A6AB6AE1DC209CF00BF58BA /* OYCountDown.app */;
			productType = "com.apple.product-type.application";
		};
/* End PBXNativeTarget section */

/* Begin PBXProject section */
		6A6AB6A61DC209CF00BF58BA /* Project object */ = {
			isa = PBXProject;
			attributes = {
				LastSwiftUpdateCheck = 0800;
				LastUpgradeCheck = 0800;
				ORGANIZATIONNAME = Gold;
				TargetAttributes = {
					6A6AB6AD1DC209CF00BF58BA = {
						CreatedOnToolsVersion = 8.0;
						DevelopmentTeam = 4J8FV64W28;
						ProvisioningStyle = Automatic;
					};
				};
			};
			buildConfigurationList = 6A6AB6A91DC209CF00BF58BA /* Build configuration list for PBXProject "OYCountDown" */;
			compatibilityVersion = "Xcode 3.2";
			developmentRegion = English;
			hasScannedForEncodings = 0;
			knownRegions = (
				en,
				Base,
			);
			mainGroup = 6A6AB6A51DC209CF00BF58BA;
			productRefGroup = 6A6AB6AF1DC209CF00BF58BA /* Products */;
			projectDirPath = "";
			projectRoot = "";
			targets = (
				6A6AB6AD1DC209CF00BF58BA /* OYCountDown */,
			);
		};
/* End PBXProject section */

/* Begin PBXResourcesBuildPhase section */
		6A6AB6AC1DC209CF00BF58BA /* Resources */ = {
			isa = PBXResourcesBuildPhase;
			buildActionMask = 2147483647;
			files = (
				6A6AB6BC1DC209CF00BF58BA /* LaunchScreen.storyboard in Resources */,
				6A6AB6B91DC209CF00BF58BA /* Assets.xcassets in Resources */,
				6A6AB6B71DC209CF00BF58BA /* Main.storyboard in Resources */,
			);
			runOnlyForDeploymentPostprocessing = 0;
		};
/* End PBXResourcesBuildPhase section */

/* Begin PBXSourcesBuildPhase section */
		6A6AB6AA1DC209CF00BF58BA /* Sources */ = {
			isa = PBXSourcesBuildPhase;
			buildActionMask = 2147483647;
			files = (
				6A6AB6C81DC20A5A00BF58BA /* Model.swift in Sources */,
				6A6AB6C41DC209FB00BF58BA /* OYCountDownManager.swift in Sources */,
				6A6AB6C61DC20A4E00BF58BA /* Cell.swift in Sources */,
				6A6AB6B41DC209CF00BF58BA /* ViewController.swift in Sources */,
				6A6AB6B21DC209CF00BF58BA /* AppDelegate.swift in Sources */,
			);
			runOnlyForDeploymentPostprocessing = 0;
		};
/* End PBXSourcesBuildPhase section */

/* Begin PBXVariantGroup section */
		6A6AB6B51DC209CF00BF58BA /* Main.storyboard */ = {
			isa = PBXVariantGroup;
			children = (
				6A6AB6B61DC209CF00BF58BA /* Base */,
			);
			name = Main.storyboard;
			sourceTree = "<group>";
		};
		6A6AB6BA1DC209CF00BF58BA /* LaunchScreen.storyboard */ = {
			isa = PBXVariantGroup;
			children = (
				6A6AB6BB1DC209CF00BF58BA /* Base */,
			);
			name = LaunchScreen.storyboard;
			sourceTree = "<group>";
		};
/* End PBXVariantGroup section */

/* Begin XCBuildConfiguration section */
		6A6AB6BE1DC209CF00BF58BA /* Debug */ = {
			isa = XCBuildConfiguration;
			buildSettings = {
				ALWAYS_SEARCH_USER_PATHS = NO;
				CLANG_ANALYZER_NONNULL = YES;
				CLANG_CXX_LANGUAGE_STANDARD = "gnu++0x";
				CLANG_CXX_LIBRARY = "libc++";
				CLANG_ENABLE_MODULES = YES;
				CLANG_ENABLE_OBJC_ARC = YES;
				CLANG_WARN_BOOL_CONVERSION = YES;
				CLANG_WARN_CONSTANT_CONVERSION = YES;
				CLANG_WARN_DIRECT_OBJC_ISA_USAGE = YES_ERROR;
				CLANG_WARN_DOCUMENTATION_COMMENTS = YES;
				CLANG_WARN_EMPTY_BODY = YES;
				CLANG_WARN_ENUM_CONVERSION = YES;
				CLANG_WARN_INFINITE_RECURSION = YES;
				CLANG_WARN_INT_CONVERSION = YES;
				CLANG_WARN_OBJC_ROOT_CLASS = YES_ERROR;
				CLANG_WARN_SUSPICIOUS_MOVES = YES;
				CLANG_WARN_UNREACHABLE_CODE = YES;
				CLANG_WARN__DUPLICATE_METHOD_MATCH = YES;
				"CODE_SIGN_IDENTITY[sdk=iphoneos*]" = "iPhone Developer";
				COPY_PHASE_STRIP = NO;
				DEBUG_INFORMATION_FORMAT = dwarf;
				ENABLE_STRICT_OBJC_MSGSEND = YES;
				ENABLE_TESTABILITY = YES;
				GCC_C_LANGUAGE_STANDARD = gnu99;
				GCC_DYNAMIC_NO_PIC = NO;
				GCC_NO_COMMON_BLOCKS = YES;
				GCC_OPTIMIZATION_LEVEL = 0;
				GCC_PREPROCESSOR_DEFINITIONS = (
					"DEBUG=1",
					"$(inherited)",
				);
				GCC_WARN_64_TO_32_BIT_CONVERSION = YES;
				GCC_WARN_ABOUT_RETURN_TYPE = YES_ERROR;
				GCC_WARN_UNDECLARED_SELECTOR = YES;
				GCC_WARN_UNINITIALIZED_AUTOS = YES_AGGRESSIVE;
				GCC_WARN_UNUSED_FUNCTION = YES;
				GCC_WARN_UNUSED_VARIABLE = YES;
				IPHONEOS_DEPLOYMENT_TARGET = 10.0;
				MTL_ENABLE_DEBUG_INFO = YES;
				ONLY_ACTIVE_ARCH = YES;
				SDKROOT = iphoneos;
				SWIFT_ACTIVE_COMPILATION_CONDITIONS = DEBUG;
				SWIFT_OPTIMIZATION_LEVEL = "-Onone";
				TARGETED_DEVICE_FAMILY = "1,2";
			};
			name = Debug;
		};
		6A6AB6BF1DC209CF00BF58BA /* Release */ = {
			isa = XCBuildConfiguration;
			buildSettings = {
				ALWAYS_SEARCH_USER_PATHS = NO;
				CLANG_ANALYZER_NONNULL = YES;
				CLANG_CXX_LANGUAGE_STANDARD = "gnu++0x";
				CLANG_CXX_LIBRARY = "libc++";
				CLANG_ENABLE_MODULES = YES;
				CLANG_ENABLE_OBJC_ARC = YES;
				CLANG_WARN_BOOL_CONVERSION = YES;
				CLANG_WARN_CONSTANT_CONVERSION = YES;
				CLANG_WARN_DIRECT_OBJC_ISA_USAGE = YES_ERROR;
				CLANG_WARN_DOCUMENTATION_COMMENTS = YES;
				CLANG_WARN_EMPTY_BODY = YES;
				CLANG_WARN_ENUM_CONVERSION = YES;
				CLANG_WARN_INFINITE_RECURSION = YES;
				CLANG_WARN_INT_CONVERSION = YES;
				CLANG_WARN_OBJC_ROOT_CLASS = YES_ERROR;
				CLANG_WARN_SUSPICIOUS_MOVES = YES;
				CLANG_WARN_UNREACHABLE_CODE = YES;
				CLANG_WARN__DUPLICATE_METHOD_MATCH = YES;
				"CODE_SIGN_IDENTITY[sdk=iphoneos*]" = "iPhone Developer";
				COPY_PHASE_STRIP = NO;
				DEBUG_INFORMATION_FORMAT = "dwarf-with-dsym";
				ENABLE_NS_ASSERTIONS = NO;
				ENABLE_STRICT_OBJC_MSGSEND = YES;
				GCC_C_LANGUAGE_STANDARD = gnu99;
				GCC_NO_COMMON_BLOCKS = YES;
				GCC_WARN_64_TO_32_BIT_CONVERSION = YES;
				GCC_WARN_ABOUT_RETURN_TYPE = YES_ERROR;
				GCC_WARN_UNDECLARED_SELECTOR = YES;
				GCC_WARN_UNINITIALIZED_AUTOS = YES_AGGRESSIVE;
				GCC_WARN_UNUSED_FUNCTION = YES;
				GCC_WARN_UNUSED_VARIABLE = YES;
				IPHONEOS_DEPLOYMENT_TARGET = 10.0;
				MTL_ENABLE_DEBUG_INFO = NO;
				SDKROOT = iphoneos;
				SWIFT_OPTIMIZATION_LEVEL = "-Owholemodule";
				TARGETED_DEVICE_FAMILY = "1,2";
				VALIDATE_PRODUCT = YES;
			};
			name = Release;
		};
		6A6AB6C11DC209CF00BF58BA /* Debug */ = {
			isa = XCBuildConfiguration;
			buildSettings = {
				ASSETCATALOG_COMPILER_APPICON_NAME = AppIcon;
				DEVELOPMENT_TEAM = 4J8FV64W28;
				INFOPLIST_FILE = OYCountDown/Info.plist;
				LD_RUNPATH_SEARCH_PATHS = "$(inherited) @executable_path/Frameworks";
				PRODUCT_BUNDLE_IDENTIFIER = gold.OYCountDown;
				PRODUCT_NAME = "$(TARGET_NAME)";
				SWIFT_VERSION = 3.0;
			};
			name = Debug;
		};
		6A6AB6C21DC209CF00BF58BA /* Release */ = {
			isa = XCBuildConfiguration;
			buildSettings = {
				ASSETCATALOG_COMPILER_APPICON_NAME = AppIcon;
				DEVELOPMENT_TEAM = 4J8FV64W28;
				INFOPLIST_FILE = OYCountDown/Info.plist;
				LD_RUNPATH_SEARCH_PATHS = "$(inherited) @executable_path/Frameworks";
				PRODUCT_BUNDLE_IDENTIFIER = gold.OYCountDown;
				PRODUCT_NAME = "$(TARGET_NAME)";
				SWIFT_VERSION = 3.0;
			};
			name = Release;
		};
/* End XCBuildConfiguration section */

/* Begin XCConfigurationList section */
		6A6AB6A91DC209CF00BF58BA /* Build configuration list for PBXProject "OYCountDown" */ = {
			isa = XCConfigurationList;
			buildConfigurations = (
				6A6AB6BE1DC209CF00BF58BA /* Debug */,
				6A6AB6BF1DC209CF00BF58BA /* Release */,
			);
			defaultConfigurationIsVisible = 0;
			defaultConfigurationName = Release;
		};
		6A6AB6C01DC209CF00BF58BA /* Build configuration list for PBXNativeTarget "OYCountDown" */ = {
			isa = XCConfigurationList;
			buildConfigurations = (
				6A6AB6C11DC209CF00BF58BA /* Debug */,
				6A6AB6C21DC209CF00BF58BA /* Release */,
			);
			defaultConfigurationIsVisible = 0;
		};
/* End XCConfigurationList section */
	};
	rootObject = 6A6AB6A61DC209CF00BF58BA /* Project object */;
}
